
Microsoft Visual Studio Solution File, Format Version 10.00
# Visual C# Express 2008
Project("{FAE04EC0-301F-11D3-BF4B-00C04F79EFBC}") = "areRectanguloReadLine", "areRectanguloReadLine\areRectanguloReadLine.csproj", "{8690E6D4-BFE0-4C27-A93A-A99DB43F1074}"
EndProject
Global
	GlobalSection(SolutionConfigurationPlatforms) = preSolution
		Debug|Any CPU = Debug|Any CPU
		Release|Any CPU = Release|Any CPU
	EndGlobalSection
	GlobalSection(ProjectConfigurationPlatforms) = postSolution
		{8690E6D4-BFE0-4C27-A93A-A99DB43F1074}.Debug|Any CPU.ActiveCfg = Debug|Any CPU
		{8690E6D4-BFE0-4C27-A93A-A99DB43F1074}.Debug|Any CPU.Build.0 = Debug|Any CPU
		{8690E6D4-BFE0-4C27-A93A-A99DB43F1074}.Release|Any CPU.ActiveCfg = Release|Any CPU
		{8690E6D4-BFE0-4C27-A93A-A99DB43F1074}.Release|Any CPU.Build.0 = Release|Any CPU
	EndGlobalSection
	GlobalSection(SolutionProperties) = preSolution
		HideSolutionNode = FALSE
	EndGlobalSection
EndGlobal
